
Microsoft Visual Studio Solution File, Format Version 12.00
# Visual Studio Version 17
VisualStudioVersion = 17.8.34330.188
MinimumVisualStudioVersion = 10.0.40219.1
Project("{FAE04EC0-301F-11D3-BF4B-00C04F79EFBC}") = "Fighters", "Fighters\Fighters.csproj", "{39D1D086-377C-44E1-B4C0-5E4D3222C7AB}"
EndProject
Global
	GlobalSection(SolutionConfigurationPlatforms) = preSolution
		Debug|Any CPU = Debug|Any CPU
		Release|Any CPU = Release|Any CPU
	EndGlobalSection
	GlobalSection(ProjectConfigurationPlatforms) = postSolution
		{39D1D086-377C-44E1-B4C0-5E4D3222C7AB}.Debug|Any CPU.ActiveCfg = Debug|Any CPU
		{39D1D086-377C-44E1-B4C0-5E4D3222C7AB}.Debug|Any CPU.Build.0 = Debug|Any CPU
		{39D1D086-377C-44E1-B4C0-5E4D3222C7AB}.Release|Any CPU.ActiveCfg = Release|Any CPU
		{39D1D086-377C-44E1-B4C0-5E4D3222C7AB}.Release|Any CPU.Build.0 = Release|Any CPU
	EndGlobalSection
	GlobalSection(SolutionProperties) = preSolution
		HideSolutionNode = FALSE
	EndGlobalSection
	GlobalSection(ExtensibilityGlobals) = postSolution
		SolutionGuid = {3D721A3D-5483-4B19-B66E-D6676B377C15}
	EndGlobalSection
EndGlobal
